
Microsoft Visual Studio Solution File, Format Version 12.00
# Visual Studio Version 17
VisualStudioVersion = 17.6.33815.320
MinimumVisualStudioVersion = 10.0.40219.1
Project("{FAE04EC0-301F-11D3-BF4B-00C04F79EFBC}") = "PoetSharpPlaygroundConsole", "PoetSharpPlaygroundConsole\PoetSharpPlaygroundConsole.csproj", "{B4D037BB-B10C-4274-B94C-F69DDE5A7CAC}"
EndProject
Global
	GlobalSection(SolutionConfigurationPlatforms) = preSolution
		Debug|Any CPU = Debug|Any CPU
		Release|Any CPU = Release|Any CPU
	EndGlobalSection
	GlobalSection(ProjectConfigurationPlatforms) = postSolution
		{B4D037BB-B10C-4274-B94C-F69DDE5A7CAC}.Debug|Any CPU.ActiveCfg = Debug|Any CPU
		{B4D037BB-B10C-4274-B94C-F69DDE5A7CAC}.Debug|Any CPU.Build.0 = Debug|Any CPU
		{B4D037BB-B10C-4274-B94C-F69DDE5A7CAC}.Release|Any CPU.ActiveCfg = Release|Any CPU
		{B4D037BB-B10C-4274-B94C-F69DDE5A7CAC}.Release|Any CPU.Build.0 = Release|Any CPU
	EndGlobalSection
	GlobalSection(SolutionProperties) = preSolution
		HideSolutionNode = FALSE
	EndGlobalSection
	GlobalSection(ExtensibilityGlobals) = postSolution
		SolutionGuid = {6B00417E-709E-4AF0-B9AE-64427C608B98}
	EndGlobalSection
EndGlobal
